{
  "nodes": {
    "devshell": {
      "inputs": {
        "flake-utils": "flake-utils",
        "nixpkgs": [
          "nixpkgs"
        ]
      },
      "locked": {
        "lastModified": 1677856503,
        "narHash": "sha256-TW8my47VpavO/PXA5hIumUcX80cj0AufojjUTdUonLw=",
        "owner": "numtide",
        "repo": "devshell",
        "rev": "643d1857fea4e71e7f251cb574f59b1d63778085",
        "type": "github"
      },
      "original": {
        "owner": "numtide",
        "repo": "devshell",
        "type": "github"
      }
    },
    "flake-utils": {
      "locked": {
        "lastModified": 1642700792,
        "narHash": "sha256-XqHrk7hFb+zBvRg6Ghl+AZDq03ov6OshJLiSWOoX5es=",
        "owner": "numtide",
        "repo": "flake-utils",
        "rev": "846b2ae0fc4cc943637d3d1def4454213e203cba",
        "type": "github"
      },
      "original": {
        "owner": "numtide",
        "repo": "flake-utils",
        "type": "github"
      }
    },
    "flake-utils_2": {
      "locked": {
        "lastModified": 1676283394,
        "narHash": "sha256-XX2f9c3iySLCw54rJ/CZs+ZK6IQy7GXNY4nSOyu2QG4=",
        "owner": "numtide",
        "repo": "flake-utils",
        "rev": "3db36a8b464d0c4532ba1c7dda728f4576d6d073",
        "type": "github"
      },
      "original": {
        "owner": "numtide",
        "repo": "flake-utils",
        "type": "github"
      }
    },
    "flake-utils_3": {
      "locked": {
        "lastModified": 1667395993,
        "narHash": "sha256-nuEHfE/LcWyuSWnS8t12N1wc105Qtau+/OdUAjtQ0rA=",
        "owner": "numtide",
        "repo": "flake-utils",
        "rev": "5aed5285a952e0b949eb3ba02c12fa4fcfef535f",
        "type": "github"
      },
      "original": {
        "owner": "numtide",
        "repo": "flake-utils",
        "type": "github"
      }
    },
    "nixpkgs": {
      "locked": {
        "lastModified": 1677932085,
        "narHash": "sha256-+AB4dYllWig8iO6vAiGGYl0NEgmMgGHpy9gzWJ3322g=",
        "owner": "nixos",
        "repo": "nixpkgs",
        "rev": "3c5319ad3aa51551182ac82ea17ab1c6b0f0df89",
        "type": "github"
      },
      "original": {
        "owner": "nixos",
        "ref": "nixos-unstable",
        "repo": "nixpkgs",
        "type": "github"
      }
    },
    "root": {
      "inputs": {
        "devshell": "devshell",
        "flake-utils": "flake-utils_2",
        "nixpkgs": "nixpkgs",
        "sbt": "sbt"
      }
    },
    "sbt": {
      "inputs": {
        "flake-utils": "flake-utils_3",
        "nixpkgs": [
          "nixpkgs"
        ]
      },
      "locked": {
        "lastModified": 1675083208,
        "narHash": "sha256-+sSFhSpV2jckr1qYlX/SaxQ6IdpagD6o4rru/3HAl0I=",
        "owner": "zaninime",
        "repo": "sbt-derivation",
        "rev": "92d6d6d825e3f6ae5642d1cce8ff571c3368aaf7",
        "type": "github"
      },
      "original": {
        "owner": "zaninime",
        "repo": "sbt-derivation",
        "type": "github"
      }
    }
  },
  "root": "root",
  "version": 7
}
